
Microsoft Visual Studio Solution File, Format Version 12.00
# Visual Studio Version 16
VisualStudioVersion = 16.0.30011.22
MinimumVisualStudioVersion = 10.0.40219.1
Project("{FAE04EC0-301F-11D3-BF4B-00C04F79EFBC}") = "RandomNameGenerator", "RandomNameGenerator\RandomNameGenerator.csproj", "{D60C67B7-7047-425C-BE80-E6EDD2733738}"
EndProject
Global
	GlobalSection(SolutionConfigurationPlatforms) = preSolution
		Debug|Any CPU = Debug|Any CPU
		Release|Any CPU = Release|Any CPU
	EndGlobalSection
	GlobalSection(ProjectConfigurationPlatforms) = postSolution
		{D60C67B7-7047-425C-BE80-E6EDD2733738}.Debug|Any CPU.ActiveCfg = Debug|Any CPU
		{D60C67B7-7047-425C-BE80-E6EDD2733738}.Debug|Any CPU.Build.0 = Debug|Any CPU
		{D60C67B7-7047-425C-BE80-E6EDD2733738}.Release|Any CPU.ActiveCfg = Release|Any CPU
		{D60C67B7-7047-425C-BE80-E6EDD2733738}.Release|Any CPU.Build.0 = Release|Any CPU
	EndGlobalSection
	GlobalSection(SolutionProperties) = preSolution
		HideSolutionNode = FALSE
	EndGlobalSection
	GlobalSection(ExtensibilityGlobals) = postSolution
		SolutionGuid = {00B53062-07BB-4422-815E-13C23B3098D4}
	EndGlobalSection
EndGlobal
