
Microsoft Visual Studio Solution File, Format Version 12.00
# Visual Studio Version 16
VisualStudioVersion = 16.0.29613.14
MinimumVisualStudioVersion = 10.0.40219.1
Project("{2150E333-8FDC-42A3-9474-1A3956D46DE8}") = "Source", "Source", "{FBEF0E1E-847F-4D67-85FD-497F3F00AD36}"
EndProject
Project("{2150E333-8FDC-42A3-9474-1A3956D46DE8}") = "SQLScripts", "SQLScripts", "{7687E087-2130-4D3C-90DA-FE9B64885048}"
EndProject
Project("{FAE04EC0-301F-11D3-BF4B-00C04F79EFBC}") = "Collage.Application", "Source\Collage.Application\Collage.Application.csproj", "{F48AD787-90B3-475D-87A9-C06E0B398DB4}"
EndProject
Project("{2150E333-8FDC-42A3-9474-1A3956D46DE8}") = "Solution Items", "Solution Items", "{B15E311D-8BC5-4FE5-A581-1C82DD7A8652}"
	ProjectSection(SolutionItems) = preProject
		README.md = README.md
	EndProjectSection
EndProject
Global
	GlobalSection(SolutionConfigurationPlatforms) = preSolution
		Debug|Any CPU = Debug|Any CPU
		Release|Any CPU = Release|Any CPU
	EndGlobalSection
	GlobalSection(ProjectConfigurationPlatforms) = postSolution
		{F48AD787-90B3-475D-87A9-C06E0B398DB4}.Debug|Any CPU.ActiveCfg = Debug|Any CPU
		{F48AD787-90B3-475D-87A9-C06E0B398DB4}.Debug|Any CPU.Build.0 = Debug|Any CPU
		{F48AD787-90B3-475D-87A9-C06E0B398DB4}.Release|Any CPU.ActiveCfg = Release|Any CPU
		{F48AD787-90B3-475D-87A9-C06E0B398DB4}.Release|Any CPU.Build.0 = Release|Any CPU
	EndGlobalSection
	GlobalSection(SolutionProperties) = preSolution
		HideSolutionNode = FALSE
	EndGlobalSection
	GlobalSection(NestedProjects) = preSolution
		{F48AD787-90B3-475D-87A9-C06E0B398DB4} = {FBEF0E1E-847F-4D67-85FD-497F3F00AD36}
	EndGlobalSection
	GlobalSection(ExtensibilityGlobals) = postSolution
		SolutionGuid = {276A643A-129A-4281-A1C8-CBD05FF3F762}
	EndGlobalSection
EndGlobal
