
Microsoft Visual Studio Solution File, Format Version 12.00
# Visual Studio Version 16
VisualStudioVersion = 16.0.30011.22
MinimumVisualStudioVersion = 10.0.40219.1
Project("{FAE04EC0-301F-11D3-BF4B-00C04F79EFBC}") = "SaveAndImportTextFile", "SaveAndImportTextFile\SaveAndImportTextFile.csproj", "{D756F5B5-3D84-4334-A5D3-5BF96FEFDF5B}"
EndProject
Global
	GlobalSection(SolutionConfigurationPlatforms) = preSolution
		Debug|Any CPU = Debug|Any CPU
		Release|Any CPU = Release|Any CPU
	EndGlobalSection
	GlobalSection(ProjectConfigurationPlatforms) = postSolution
		{D756F5B5-3D84-4334-A5D3-5BF96FEFDF5B}.Debug|Any CPU.ActiveCfg = Debug|Any CPU
		{D756F5B5-3D84-4334-A5D3-5BF96FEFDF5B}.Debug|Any CPU.Build.0 = Debug|Any CPU
		{D756F5B5-3D84-4334-A5D3-5BF96FEFDF5B}.Release|Any CPU.ActiveCfg = Release|Any CPU
		{D756F5B5-3D84-4334-A5D3-5BF96FEFDF5B}.Release|Any CPU.Build.0 = Release|Any CPU
	EndGlobalSection
	GlobalSection(SolutionProperties) = preSolution
		HideSolutionNode = FALSE
	EndGlobalSection
	GlobalSection(ExtensibilityGlobals) = postSolution
		SolutionGuid = {3C99076A-3B04-4E8D-A1FE-71261F1161D7}
	EndGlobalSection
EndGlobal
