
Microsoft Visual Studio Solution File, Format Version 12.00
# Visual Studio Version 16
VisualStudioVersion = 16.0.30002.166
MinimumVisualStudioVersion = 10.0.40219.1
Project("{FAE04EC0-301F-11D3-BF4B-00C04F79EFBC}") = "College.Microservice", "College.Microservice\College.Microservice.csproj", "{B43D4759-C20B-4DF0-A490-E963DFD87A69}"
EndProject
Global
	GlobalSection(SolutionConfigurationPlatforms) = preSolution
		Debug|Any CPU = Debug|Any CPU
		Release|Any CPU = Release|Any CPU
	EndGlobalSection
	GlobalSection(ProjectConfigurationPlatforms) = postSolution
		{B43D4759-C20B-4DF0-A490-E963DFD87A69}.Debug|Any CPU.ActiveCfg = Debug|Any CPU
		{B43D4759-C20B-4DF0-A490-E963DFD87A69}.Debug|Any CPU.Build.0 = Debug|Any CPU
		{B43D4759-C20B-4DF0-A490-E963DFD87A69}.Release|Any CPU.ActiveCfg = Release|Any CPU
		{B43D4759-C20B-4DF0-A490-E963DFD87A69}.Release|Any CPU.Build.0 = Release|Any CPU
	EndGlobalSection
	GlobalSection(SolutionProperties) = preSolution
		HideSolutionNode = FALSE
	EndGlobalSection
	GlobalSection(ExtensibilityGlobals) = postSolution
		SolutionGuid = {DA19DAC1-3F27-46B6-BC94-DDA098B273C0}
	EndGlobalSection
EndGlobal
