
Microsoft Visual Studio Solution File, Format Version 12.00
# Visual Studio Version 16
VisualStudioVersion = 16.0.29503.13
MinimumVisualStudioVersion = 10.0.40219.1
Project("{FAE04EC0-301F-11D3-BF4B-00C04F79EFBC}") = "DotNetCoreWebApp", "DotNetCoreWebApp\DotNetCoreWebApp.csproj", "{0615E0FD-3DE5-426D-BA13-1BDC83DB54C2}"
EndProject
Global
	GlobalSection(SolutionConfigurationPlatforms) = preSolution
		Debug|Any CPU = Debug|Any CPU
		Release|Any CPU = Release|Any CPU
	EndGlobalSection
	GlobalSection(ProjectConfigurationPlatforms) = postSolution
		{0615E0FD-3DE5-426D-BA13-1BDC83DB54C2}.Debug|Any CPU.ActiveCfg = Debug|Any CPU
		{0615E0FD-3DE5-426D-BA13-1BDC83DB54C2}.Debug|Any CPU.Build.0 = Debug|Any CPU
		{0615E0FD-3DE5-426D-BA13-1BDC83DB54C2}.Release|Any CPU.ActiveCfg = Release|Any CPU
		{0615E0FD-3DE5-426D-BA13-1BDC83DB54C2}.Release|Any CPU.Build.0 = Release|Any CPU
	EndGlobalSection
	GlobalSection(SolutionProperties) = preSolution
		HideSolutionNode = FALSE
	EndGlobalSection
	GlobalSection(ExtensibilityGlobals) = postSolution
		SolutionGuid = {38C4E06C-588F-427E-9114-4833D52886FB}
	EndGlobalSection
EndGlobal
