
Microsoft Visual Studio Solution File, Format Version 12.00
# Visual Studio Version 16
VisualStudioVersion = 16.0.29326.143
MinimumVisualStudioVersion = 10.0.40219.1
Project("{FAE04EC0-301F-11D3-BF4B-00C04F79EFBC}") = "SimpleWebApiV1", "SimpleWebApiV1\SimpleWebApiV1.csproj", "{97B4E3F5-8E08-4A58-A0C2-677FB8A22921}"
EndProject
Global
	GlobalSection(SolutionConfigurationPlatforms) = preSolution
		Debug|Any CPU = Debug|Any CPU
		Release|Any CPU = Release|Any CPU
	EndGlobalSection
	GlobalSection(ProjectConfigurationPlatforms) = postSolution
		{97B4E3F5-8E08-4A58-A0C2-677FB8A22921}.Debug|Any CPU.ActiveCfg = Debug|Any CPU
		{97B4E3F5-8E08-4A58-A0C2-677FB8A22921}.Debug|Any CPU.Build.0 = Debug|Any CPU
		{97B4E3F5-8E08-4A58-A0C2-677FB8A22921}.Release|Any CPU.ActiveCfg = Release|Any CPU
		{97B4E3F5-8E08-4A58-A0C2-677FB8A22921}.Release|Any CPU.Build.0 = Release|Any CPU
	EndGlobalSection
	GlobalSection(SolutionProperties) = preSolution
		HideSolutionNode = FALSE
	EndGlobalSection
	GlobalSection(ExtensibilityGlobals) = postSolution
		SolutionGuid = {834A0246-EF13-4FD8-9C51-341B274446E0}
	EndGlobalSection
EndGlobal
