
Microsoft Visual Studio Solution File, Format Version 12.00
# Visual Studio Version 16
VisualStudioVersion = 16.0.30011.22
MinimumVisualStudioVersion = 10.0.40219.1
Project("{FAE04EC0-301F-11D3-BF4B-00C04F79EFBC}") = "UniversityDemo", "UniversityDemo\UniversityDemo.csproj", "{6BEBA3A3-3030-4DEE-84C4-572EE9CB2583}"
EndProject
Global
	GlobalSection(SolutionConfigurationPlatforms) = preSolution
		Debug|Any CPU = Debug|Any CPU
		Release|Any CPU = Release|Any CPU
	EndGlobalSection
	GlobalSection(ProjectConfigurationPlatforms) = postSolution
		{6BEBA3A3-3030-4DEE-84C4-572EE9CB2583}.Debug|Any CPU.ActiveCfg = Debug|Any CPU
		{6BEBA3A3-3030-4DEE-84C4-572EE9CB2583}.Debug|Any CPU.Build.0 = Debug|Any CPU
		{6BEBA3A3-3030-4DEE-84C4-572EE9CB2583}.Release|Any CPU.ActiveCfg = Release|Any CPU
		{6BEBA3A3-3030-4DEE-84C4-572EE9CB2583}.Release|Any CPU.Build.0 = Release|Any CPU
	EndGlobalSection
	GlobalSection(SolutionProperties) = preSolution
		HideSolutionNode = FALSE
	EndGlobalSection
	GlobalSection(ExtensibilityGlobals) = postSolution
		SolutionGuid = {E994AC7E-9624-4721-9B63-7EDDBD17906F}
	EndGlobalSection
EndGlobal
